// !$*UTF8*$!
{
	archiveVersion = 1;
	classes = {
	};
	objectVersion = 70;
	objects = {

/* Begin PBXBuildFile section */
		029E46802C2FCFEB008984DF /* info.plist in Resources */ = {isa = PBXBuildFile; fileRef = 029E467F2C2FCFEB008984DF /* info.plist */; };
		029E46822C2FD021008984DF /* ChatTests.swift in Sources */ = {isa = PBXBuildFile; fileRef = 029E46812C2FD021008984DF /* ChatTests.swift */; };
		029E46862C2FD0BC008984DF /* RecipeRetriever.swift in Sources */ = {isa = PBXBuildFile; fileRef = 029E46852C2FD0B8008984DF /* RecipeRetriever.swift */; };
		029E46892C2FD92B008984DF /* OpenAI in Frameworks */ = {isa = PBXBuildFile; productRef = 029E46882C2FD92B008984DF /* OpenAI */; };
		6094DCC92C2FDD1B00C51467 /* MeokWidgetLiveActivity.swift in Sources */ = {isa = PBXBuildFile; fileRef = 609F3B0F2C2FA1DA002CD704 /* MeokWidgetLiveActivity.swift */; };
		609F3AC02C2F9A0C002CD704 /* Assets.xcassets in Resources */ = {isa = PBXBuildFile; fileRef = 609F3ABF2C2F9A0C002CD704 /* Assets.xcassets */; };
		609F3AC32C2F9A0C002CD704 /* Preview Assets.xcassets in Resources */ = {isa = PBXBuildFile; fileRef = 609F3AC22C2F9A0C002CD704 /* Preview Assets.xcassets */; };
		609F3ACD2C2F9A0C002CD704 /* Meok_Kkae_BiTests.swift in Sources */ = {isa = PBXBuildFile; fileRef = 609F3ACC2C2F9A0C002CD704 /* Meok_Kkae_BiTests.swift */; };
		609F3B0B2C2FA1DA002CD704 /* WidgetKit.framework in Frameworks */ = {isa = PBXBuildFile; fileRef = 609F3B0A2C2FA1DA002CD704 /* WidgetKit.framework */; };
		609F3B0D2C2FA1DA002CD704 /* SwiftUI.framework in Frameworks */ = {isa = PBXBuildFile; fileRef = 609F3B0C2C2FA1DA002CD704 /* SwiftUI.framework */; };
		609F3B102C2FA1DA002CD704 /* MeokWidgetLiveActivity.swift in Sources */ = {isa = PBXBuildFile; fileRef = 609F3B0F2C2FA1DA002CD704 /* MeokWidgetLiveActivity.swift */; };
		609F3B122C2FA1DA002CD704 /* MeokWidgetBundle.swift in Sources */ = {isa = PBXBuildFile; fileRef = 609F3B112C2FA1DA002CD704 /* MeokWidgetBundle.swift */; };
		609F3B142C2FA1DA002CD704 /* MeokWidgetControl.swift in Sources */ = {isa = PBXBuildFile; fileRef = 609F3B132C2FA1DA002CD704 /* MeokWidgetControl.swift */; };
		609F3B162C2FA1DA002CD704 /* MeokWidget.swift in Sources */ = {isa = PBXBuildFile; fileRef = 609F3B152C2FA1DA002CD704 /* MeokWidget.swift */; };
		609F3B182C2FA1DA002CD704 /* AppIntent.swift in Sources */ = {isa = PBXBuildFile; fileRef = 609F3B172C2FA1DA002CD704 /* AppIntent.swift */; };
		609F3B1A2C2FA1DB002CD704 /* Assets.xcassets in Resources */ = {isa = PBXBuildFile; fileRef = 609F3B192C2FA1DB002CD704 /* Assets.xcassets */; };
		609F3B1E2C2FA1DB002CD704 /* MeokWidgetExtension.appex in Embed Foundation Extensions */ = {isa = PBXBuildFile; fileRef = 609F3B082C2FA1DA002CD704 /* MeokWidgetExtension.appex */; settings = {ATTRIBUTES = (RemoveHeadersOnCopy, ); }; };
		FDB624592C2FD83F0034F867 /* Color+Extension.swift in Sources */ = {isa = PBXBuildFile; fileRef = FDB624582C2FD83F0034F867 /* Color+Extension.swift */; };
		FDBE0A2E2C2FC5DE00907ACE /* Meok_Kkae_BiApp.swift in Sources */ = {isa = PBXBuildFile; fileRef = FDBE0A2D2C2FC5DE00907ACE /* Meok_Kkae_BiApp.swift */; };
		FDBE0A322C2FC5F600907ACE /* HomeView.swift in Sources */ = {isa = PBXBuildFile; fileRef = FDBE0A312C2FC5F600907ACE /* HomeView.swift */; };
		FDBE0A332C2FC5F600907ACE /* HomeFeature.swift in Sources */ = {isa = PBXBuildFile; fileRef = FDBE0A302C2FC5F600907ACE /* HomeFeature.swift */; };
		FDBE0A372C2FC5FF00907ACE /* InsertMenuView.swift in Sources */ = {isa = PBXBuildFile; fileRef = FDBE0A362C2FC5FF00907ACE /* InsertMenuView.swift */; };
		FDBE0A382C2FC5FF00907ACE /* InsertMenuFeature.swift in Sources */ = {isa = PBXBuildFile; fileRef = FDBE0A352C2FC5FF00907ACE /* InsertMenuFeature.swift */; };
		FDBE0A3C2C2FC60800907ACE /* DetailMenuFeature.swift in Sources */ = {isa = PBXBuildFile; fileRef = FDBE0A3A2C2FC60800907ACE /* DetailMenuFeature.swift */; };
		FDBE0A3D2C2FC60800907ACE /* DetailMenuView.swift in Sources */ = {isa = PBXBuildFile; fileRef = FDBE0A3B2C2FC60800907ACE /* DetailMenuView.swift */; };
		FDBE0A402C2FC73B00907ACE /* ComposableArchitecture in Frameworks */ = {isa = PBXBuildFile; productRef = FDBE0A3F2C2FC73B00907ACE /* ComposableArchitecture */; };
/* End PBXBuildFile section */

/* Begin PBXContainerItemProxy section */
		609F3AC92C2F9A0C002CD704 /* PBXContainerItemProxy */ = {
			isa = PBXContainerItemProxy;
			containerPortal = 609F3AAE2C2F9A0A002CD704 /* Project object */;
			proxyType = 1;
			remoteGlobalIDString = 609F3AB52C2F9A0A002CD704;
			remoteInfo = "Meok-Kkae-Bi";
		};
		609F3B1C2C2FA1DB002CD704 /* PBXContainerItemProxy */ = {
			isa = PBXContainerItemProxy;
			containerPortal = 609F3AAE2C2F9A0A002CD704 /* Project object */;
			proxyType = 1;
			remoteGlobalIDString = 609F3B072C2FA1DA002CD704;
			remoteInfo = MeokWidgetExtension;
		};
/* End PBXContainerItemProxy section */

/* Begin PBXCopyFilesBuildPhase section */
		609F3B1F2C2FA1DB002CD704 /* Embed Foundation Extensions */ = {
			isa = PBXCopyFilesBuildPhase;
			buildActionMask = 2147483647;
			dstPath = "";
			dstSubfolderSpec = 13;
			files = (
				609F3B1E2C2FA1DB002CD704 /* MeokWidgetExtension.appex in Embed Foundation Extensions */,
			);
			name = "Embed Foundation Extensions";
			runOnlyForDeploymentPostprocessing = 0;
		};
/* End PBXCopyFilesBuildPhase section */

/* Begin PBXFileReference section */
		029E467F2C2FCFEB008984DF /* info.plist */ = {isa = PBXFileReference; lastKnownFileType = text.plist.xml; path = info.plist; sourceTree = "<group>"; };
		029E46812C2FD021008984DF /* ChatTests.swift */ = {isa = PBXFileReference; lastKnownFileType = sourcecode.swift; path = ChatTests.swift; sourceTree = "<group>"; };
		029E46852C2FD0B8008984DF /* RecipeRetriever.swift */ = {isa = PBXFileReference; lastKnownFileType = sourcecode.swift; path = RecipeRetriever.swift; sourceTree = "<group>"; };
		6021906C2C2FBC1200EE8AC3 /* MeokWidgetExtension.entitlements */ = {isa = PBXFileReference; lastKnownFileType = text.plist.entitlements; path = MeokWidgetExtension.entitlements; sourceTree = "<group>"; };
		6021906D2C2FBC2400EE8AC3 /* Meok-Kkae-Bi.entitlements */ = {isa = PBXFileReference; lastKnownFileType = text.plist.entitlements; path = "Meok-Kkae-Bi.entitlements"; sourceTree = "<group>"; };
		609F3AB62C2F9A0B002CD704 /* Meok-Kkae-Bi.app */ = {isa = PBXFileReference; explicitFileType = wrapper.application; includeInIndex = 0; path = "Meok-Kkae-Bi.app"; sourceTree = BUILT_PRODUCTS_DIR; };
		609F3ABF2C2F9A0C002CD704 /* Assets.xcassets */ = {isa = PBXFileReference; lastKnownFileType = folder.assetcatalog; path = Assets.xcassets; sourceTree = "<group>"; };
		609F3AC22C2F9A0C002CD704 /* Preview Assets.xcassets */ = {isa = PBXFileReference; lastKnownFileType = folder.assetcatalog; path = "Preview Assets.xcassets"; sourceTree = "<group>"; };
		609F3AC82C2F9A0C002CD704 /* Meok-Kkae-BiTests.xctest */ = {isa = PBXFileReference; explicitFileType = wrapper.cfbundle; includeInIndex = 0; path = "Meok-Kkae-BiTests.xctest"; sourceTree = BUILT_PRODUCTS_DIR; };
		609F3ACC2C2F9A0C002CD704 /* Meok_Kkae_BiTests.swift */ = {isa = PBXFileReference; lastKnownFileType = sourcecode.swift; path = Meok_Kkae_BiTests.swift; sourceTree = "<group>"; };
		609F3AD62C2F9A0C002CD704 /* Meok_Kkae_BiUITests.swift */ = {isa = PBXFileReference; lastKnownFileType = sourcecode.swift; path = Meok_Kkae_BiUITests.swift; sourceTree = "<group>"; };
		609F3AD82C2F9A0C002CD704 /* Meok_Kkae_BiUITestsLaunchTests.swift */ = {isa = PBXFileReference; lastKnownFileType = sourcecode.swift; path = Meok_Kkae_BiUITestsLaunchTests.swift; sourceTree = "<group>"; };
		609F3B082C2FA1DA002CD704 /* MeokWidgetExtension.appex */ = {isa = PBXFileReference; explicitFileType = "wrapper.app-extension"; includeInIndex = 0; path = MeokWidgetExtension.appex; sourceTree = BUILT_PRODUCTS_DIR; };
		609F3B0A2C2FA1DA002CD704 /* WidgetKit.framework */ = {isa = PBXFileReference; lastKnownFileType = wrapper.framework; name = WidgetKit.framework; path = System/Library/Frameworks/WidgetKit.framework; sourceTree = SDKROOT; };
		609F3B0C2C2FA1DA002CD704 /* SwiftUI.framework */ = {isa = PBXFileReference; lastKnownFileType = wrapper.framework; name = SwiftUI.framework; path = System/Library/Frameworks/SwiftUI.framework; sourceTree = SDKROOT; };
		609F3B0F2C2FA1DA002CD704 /* MeokWidgetLiveActivity.swift */ = {isa = PBXFileReference; lastKnownFileType = sourcecode.swift; path = MeokWidgetLiveActivity.swift; sourceTree = "<group>"; };
		609F3B112C2FA1DA002CD704 /* MeokWidgetBundle.swift */ = {isa = PBXFileReference; lastKnownFileType = sourcecode.swift; path = MeokWidgetBundle.swift; sourceTree = "<group>"; };
		609F3B132C2FA1DA002CD704 /* MeokWidgetControl.swift */ = {isa = PBXFileReference; lastKnownFileType = sourcecode.swift; path = MeokWidgetControl.swift; sourceTree = "<group>"; };
		609F3B152C2FA1DA002CD704 /* MeokWidget.swift */ = {isa = PBXFileReference; lastKnownFileType = sourcecode.swift; path = MeokWidget.swift; sourceTree = "<group>"; };
		609F3B172C2FA1DA002CD704 /* AppIntent.swift */ = {isa = PBXFileReference; lastKnownFileType = sourcecode.swift; path = AppIntent.swift; sourceTree = "<group>"; };
		609F3B192C2FA1DB002CD704 /* Assets.xcassets */ = {isa = PBXFileReference; lastKnownFileType = folder.assetcatalog; path = Assets.xcassets; sourceTree = "<group>"; };
		609F3B1B2C2FA1DB002CD704 /* Info.plist */ = {isa = PBXFileReference; lastKnownFileType = text.plist.xml; path = Info.plist; sourceTree = "<group>"; };
		FDB624582C2FD83F0034F867 /* Color+Extension.swift */ = {isa = PBXFileReference; lastKnownFileType = sourcecode.swift; path = "Color+Extension.swift"; sourceTree = "<group>"; };
		FDBE0A2D2C2FC5DE00907ACE /* Meok_Kkae_BiApp.swift */ = {isa = PBXFileReference; lastKnownFileType = sourcecode.swift; path = Meok_Kkae_BiApp.swift; sourceTree = "<group>"; };
		FDBE0A302C2FC5F600907ACE /* HomeFeature.swift */ = {isa = PBXFileReference; lastKnownFileType = sourcecode.swift; path = HomeFeature.swift; sourceTree = "<group>"; };
		FDBE0A312C2FC5F600907ACE /* HomeView.swift */ = {isa = PBXFileReference; lastKnownFileType = sourcecode.swift; path = HomeView.swift; sourceTree = "<group>"; };
		FDBE0A352C2FC5FF00907ACE /* InsertMenuFeature.swift */ = {isa = PBXFileReference; lastKnownFileType = sourcecode.swift; path = InsertMenuFeature.swift; sourceTree = "<group>"; };
		FDBE0A362C2FC5FF00907ACE /* InsertMenuView.swift */ = {isa = PBXFileReference; lastKnownFileType = sourcecode.swift; path = InsertMenuView.swift; sourceTree = "<group>"; };
		FDBE0A3A2C2FC60800907ACE /* DetailMenuFeature.swift */ = {isa = PBXFileReference; lastKnownFileType = sourcecode.swift; path = DetailMenuFeature.swift; sourceTree = "<group>"; };
		FDBE0A3B2C2FC60800907ACE /* DetailMenuView.swift */ = {isa = PBXFileReference; lastKnownFileType = sourcecode.swift; path = DetailMenuView.swift; sourceTree = "<group>"; };
/* End PBXFileReference section */

/* Begin PBXFileSystemSynchronizedBuildFileExceptionSet section */
		607454E82C2FF35E00EAA093 /* PBXFileSystemSynchronizedBuildFileExceptionSet */ = {
			isa = PBXFileSystemSynchronizedBuildFileExceptionSet;
			membershipExceptions = (
				HapticGenerator.swift,
			);
			target = 609F3AB52C2F9A0A002CD704 /* Meok-Kkae-Bi */;
		};
		6094DCCD2C2FE4A600C51467 /* PBXFileSystemSynchronizedBuildFileExceptionSet */ = {
			isa = PBXFileSystemSynchronizedBuildFileExceptionSet;
			membershipExceptions = (
				AddView.swift,
			);
			target = 609F3AB52C2F9A0A002CD704 /* Meok-Kkae-Bi */;
		};
/* End PBXFileSystemSynchronizedBuildFileExceptionSet section */

/* Begin PBXFileSystemSynchronizedRootGroup section */
		607454E42C2FF35600EAA093 /* Util */ = {isa = PBXFileSystemSynchronizedRootGroup; exceptions = (607454E82C2FF35E00EAA093 /* PBXFileSystemSynchronizedBuildFileExceptionSet */, ); explicitFileTypes = {}; explicitFolders = (); path = Util; sourceTree = "<group>"; };
		6094DCCA2C2FE49700C51467 /* AddView */ = {isa = PBXFileSystemSynchronizedRootGroup; exceptions = (6094DCCD2C2FE4A600C51467 /* PBXFileSystemSynchronizedBuildFileExceptionSet */, ); explicitFileTypes = {}; explicitFolders = (); path = AddView; sourceTree = "<group>"; };
/* End PBXFileSystemSynchronizedRootGroup section */

/* Begin PBXFrameworksBuildPhase section */
		609F3AB32C2F9A0A002CD704 /* Frameworks */ = {
			isa = PBXFrameworksBuildPhase;
			buildActionMask = 2147483647;
			files = (
				029E46892C2FD92B008984DF /* OpenAI in Frameworks */,
				FDBE0A402C2FC73B00907ACE /* ComposableArchitecture in Frameworks */,
			);
			runOnlyForDeploymentPostprocessing = 0;
		};
		609F3AC52C2F9A0C002CD704 /* Frameworks */ = {
			isa = PBXFrameworksBuildPhase;
			buildActionMask = 2147483647;
			files = (
			);
			runOnlyForDeploymentPostprocessing = 0;
		};
		609F3B052C2FA1DA002CD704 /* Frameworks */ = {
			isa = PBXFrameworksBuildPhase;
			buildActionMask = 2147483647;
			files = (
				609F3B0D2C2FA1DA002CD704 /* SwiftUI.framework in Frameworks */,
				609F3B0B2C2FA1DA002CD704 /* WidgetKit.framework in Frameworks */,
			);
			runOnlyForDeploymentPostprocessing = 0;
		};
/* End PBXFrameworksBuildPhase section */

/* Begin PBXGroup section */
		029E46842C2FD0A7008984DF /* Recipe */ = {
			isa = PBXGroup;
			children = (
				029E46852C2FD0B8008984DF /* RecipeRetriever.swift */,
			);
			path = Recipe;
			sourceTree = "<group>";
		};
		609F3AAD2C2F9A0A002CD704 = {
			isa = PBXGroup;
			children = (
				029E467F2C2FCFEB008984DF /* info.plist */,
				6021906C2C2FBC1200EE8AC3 /* MeokWidgetExtension.entitlements */,
				609F3AB82C2F9A0B002CD704 /* Meok-Kkae-Bi */,
				609F3ACB2C2F9A0C002CD704 /* Meok-Kkae-BiTests */,
				609F3AD52C2F9A0C002CD704 /* Meok-Kkae-BiUITests */,
				609F3B0E2C2FA1DA002CD704 /* MeokWidget */,
				609F3B092C2FA1DA002CD704 /* Frameworks */,
				609F3AB72C2F9A0B002CD704 /* Products */,
			);
			sourceTree = "<group>";
		};
		609F3AB72C2F9A0B002CD704 /* Products */ = {
			isa = PBXGroup;
			children = (
				609F3AB62C2F9A0B002CD704 /* Meok-Kkae-Bi.app */,
				609F3AC82C2F9A0C002CD704 /* Meok-Kkae-BiTests.xctest */,
				609F3B082C2FA1DA002CD704 /* MeokWidgetExtension.appex */,
			);
			name = Products;
			sourceTree = "<group>";
		};
		609F3AB82C2F9A0B002CD704 /* Meok-Kkae-Bi */ = {
			isa = PBXGroup;
			children = (
				607454E42C2FF35600EAA093 /* Util */,
				FDB624572C2FD8310034F867 /* Extensions */,
				029E46842C2FD0A7008984DF /* Recipe */,
				FDBE0A392C2FC60100907ACE /* Detail */,
				FDBE0A342C2FC5F800907ACE /* Insert */,
				FDBE0A2F2C2FC5EE00907ACE /* Home */,
				FDBE0A2C2C2FC5D500907ACE /* App */,
				6021906D2C2FBC2400EE8AC3 /* Meok-Kkae-Bi.entitlements */,
				609F3ABF2C2F9A0C002CD704 /* Assets.xcassets */,
				609F3AC12C2F9A0C002CD704 /* Preview Content */,
			);
			path = "Meok-Kkae-Bi";
			sourceTree = "<group>";
		};
		609F3AC12C2F9A0C002CD704 /* Preview Content */ = {
			isa = PBXGroup;
			children = (
				609F3AC22C2F9A0C002CD704 /* Preview Assets.xcassets */,
			);
			path = "Preview Content";
			sourceTree = "<group>";
		};
		609F3ACB2C2F9A0C002CD704 /* Meok-Kkae-BiTests */ = {
			isa = PBXGroup;
			children = (
				609F3ACC2C2F9A0C002CD704 /* Meok_Kkae_BiTests.swift */,
				029E46812C2FD021008984DF /* ChatTests.swift */,
			);
			path = "Meok-Kkae-BiTests";
			sourceTree = "<group>";
		};
		609F3AD52C2F9A0C002CD704 /* Meok-Kkae-BiUITests */ = {
			isa = PBXGroup;
			children = (
				609F3AD62C2F9A0C002CD704 /* Meok_Kkae_BiUITests.swift */,
				609F3AD82C2F9A0C002CD704 /* Meok_Kkae_BiUITestsLaunchTests.swift */,
			);
			path = "Meok-Kkae-BiUITests";
			sourceTree = "<group>";
		};
		609F3B092C2FA1DA002CD704 /* Frameworks */ = {
			isa = PBXGroup;
			children = (
				609F3B0A2C2FA1DA002CD704 /* WidgetKit.framework */,
				609F3B0C2C2FA1DA002CD704 /* SwiftUI.framework */,
			);
			name = Frameworks;
			sourceTree = "<group>";
		};
		609F3B0E2C2FA1DA002CD704 /* MeokWidget */ = {
			isa = PBXGroup;
			children = (
				609F3B0F2C2FA1DA002CD704 /* MeokWidgetLiveActivity.swift */,
				609F3B112C2FA1DA002CD704 /* MeokWidgetBundle.swift */,
				609F3B132C2FA1DA002CD704 /* MeokWidgetControl.swift */,
				609F3B152C2FA1DA002CD704 /* MeokWidget.swift */,
				609F3B172C2FA1DA002CD704 /* AppIntent.swift */,
				609F3B192C2FA1DB002CD704 /* Assets.xcassets */,
				609F3B1B2C2FA1DB002CD704 /* Info.plist */,
			);
			path = MeokWidget;
			sourceTree = "<group>";
		};
		FDB624572C2FD8310034F867 /* Extensions */ = {
			isa = PBXGroup;
			children = (
				FDB624582C2FD83F0034F867 /* Color+Extension.swift */,
			);
			path = Extensions;
			sourceTree = "<group>";
		};
		FDBE0A2C2C2FC5D500907ACE /* App */ = {
			isa = PBXGroup;
			children = (
				FDBE0A2D2C2FC5DE00907ACE /* Meok_Kkae_BiApp.swift */,
			);
			path = App;
			sourceTree = "<group>";
		};
		FDBE0A2F2C2FC5EE00907ACE /* Home */ = {
			isa = PBXGroup;
			children = (
				FDBE0A302C2FC5F600907ACE /* HomeFeature.swift */,
				FDBE0A312C2FC5F600907ACE /* HomeView.swift */,
			);
			path = Home;
			sourceTree = "<group>";
		};
		FDBE0A342C2FC5F800907ACE /* Insert */ = {
			isa = PBXGroup;
			children = (
				6094DCCA2C2FE49700C51467 /* AddView */,
				FDBE0A352C2FC5FF00907ACE /* InsertMenuFeature.swift */,
				FDBE0A362C2FC5FF00907ACE /* InsertMenuView.swift */,
			);
			path = Insert;
			sourceTree = "<group>";
		};
		FDBE0A392C2FC60100907ACE /* Detail */ = {
			isa = PBXGroup;
			children = (
				FDBE0A3A2C2FC60800907ACE /* DetailMenuFeature.swift */,
				FDBE0A3B2C2FC60800907ACE /* DetailMenuView.swift */,
			);
			path = Detail;
			sourceTree = "<group>";
		};
/* End PBXGroup section */

/* Begin PBXNativeTarget section */
		609F3AB52C2F9A0A002CD704 /* Meok-Kkae-Bi */ = {
			isa = PBXNativeTarget;
			buildConfigurationList = 609F3ADC2C2F9A0C002CD704 /* Build configuration list for PBXNativeTarget "Meok-Kkae-Bi" */;
			buildPhases = (
				609F3AB22C2F9A0A002CD704 /* Sources */,
				609F3AB32C2F9A0A002CD704 /* Frameworks */,
				609F3AB42C2F9A0A002CD704 /* Resources */,
				609F3B1F2C2FA1DB002CD704 /* Embed Foundation Extensions */,
			);
			buildRules = (
			);
			dependencies = (
				609F3B1D2C2FA1DB002CD704 /* PBXTargetDependency */,
			);
			name = "Meok-Kkae-Bi";
			packageProductDependencies = (
				FDBE0A3F2C2FC73B00907ACE /* ComposableArchitecture */,
				029E46882C2FD92B008984DF /* OpenAI */,
			);
			productName = "Meok-Kkae-Bi";
			productReference = 609F3AB62C2F9A0B002CD704 /* Meok-Kkae-Bi.app */;
			productType = "com.apple.product-type.application";
		};
		609F3AC72C2F9A0C002CD704 /* Meok-Kkae-BiTests */ = {
			isa = PBXNativeTarget;
			buildConfigurationList = 609F3ADF2C2F9A0C002CD704 /* Build configuration list for PBXNativeTarget "Meok-Kkae-BiTests" */;
			buildPhases = (
				609F3AC42C2F9A0C002CD704 /* Sources */,
				609F3AC52C2F9A0C002CD704 /* Frameworks */,
				609F3AC62C2F9A0C002CD704 /* Resources */,
			);
			buildRules = (
			);
			dependencies = (
				609F3ACA2C2F9A0C002CD704 /* PBXTargetDependency */,
			);
			name = "Meok-Kkae-BiTests";
			productName = "Meok-Kkae-BiTests";
			productReference = 609F3AC82C2F9A0C002CD704 /* Meok-Kkae-BiTests.xctest */;
			productType = "com.apple.product-type.bundle.unit-test";
		};
		609F3B072C2FA1DA002CD704 /* MeokWidgetExtension */ = {
			isa = PBXNativeTarget;
			buildConfigurationList = 609F3B222C2FA1DB002CD704 /* Build configuration list for PBXNativeTarget "MeokWidgetExtension" */;
			buildPhases = (
				609F3B042C2FA1DA002CD704 /* Sources */,
				609F3B052C2FA1DA002CD704 /* Frameworks */,
				609F3B062C2FA1DA002CD704 /* Resources */,
			);
			buildRules = (
			);
			dependencies = (
			);
			name = MeokWidgetExtension;
			productName = MeokWidgetExtension;
			productReference = 609F3B082C2FA1DA002CD704 /* MeokWidgetExtension.appex */;
			productType = "com.apple.product-type.app-extension";
		};
/* End PBXNativeTarget section */

/* Begin PBXProject section */
		609F3AAE2C2F9A0A002CD704 /* Project object */ = {
			isa = PBXProject;
			attributes = {
				BuildIndependentTargetsInParallel = 1;
				LastSwiftUpdateCheck = 1600;
				LastUpgradeCheck = 1600;
				TargetAttributes = {
					609F3AB52C2F9A0A002CD704 = {
						CreatedOnToolsVersion = 16.0;
					};
					609F3AC72C2F9A0C002CD704 = {
						CreatedOnToolsVersion = 16.0;
						TestTargetID = 609F3AB52C2F9A0A002CD704;
					};
					609F3B072C2FA1DA002CD704 = {
						CreatedOnToolsVersion = 16.0;
					};
				};
			};
			buildConfigurationList = 609F3AB12C2F9A0A002CD704 /* Build configuration list for PBXProject "Meok-Kkae-Bi" */;
			compatibilityVersion = "Xcode 15.0";
			developmentRegion = en;
			hasScannedForEncodings = 0;
			knownRegions = (
				en,
				Base,
			);
			mainGroup = 609F3AAD2C2F9A0A002CD704;
			packageReferences = (
				FDBE0A3E2C2FC73B00907ACE /* XCRemoteSwiftPackageReference "swift-composable-architecture" */,
				029E46872C2FD901008984DF /* XCRemoteSwiftPackageReference "OpenAI" */,
			);
			productRefGroup = 609F3AB72C2F9A0B002CD704 /* Products */;
			projectDirPath = "";
			projectRoot = "";
			targets = (
				609F3AB52C2F9A0A002CD704 /* Meok-Kkae-Bi */,
				609F3AC72C2F9A0C002CD704 /* Meok-Kkae-BiTests */,
				609F3B072C2FA1DA002CD704 /* MeokWidgetExtension */,
			);
		};
/* End PBXProject section */

/* Begin PBXResourcesBuildPhase section */
		609F3AB42C2F9A0A002CD704 /* Resources */ = {
			isa = PBXResourcesBuildPhase;
			buildActionMask = 2147483647;
			files = (
				609F3AC32C2F9A0C002CD704 /* Preview Assets.xcassets in Resources */,
				609F3AC02C2F9A0C002CD704 /* Assets.xcassets in Resources */,
				029E46802C2FCFEB008984DF /* info.plist in Resources */,
			);
			runOnlyForDeploymentPostprocessing = 0;
		};
		609F3AC62C2F9A0C002CD704 /* Resources */ = {
			isa = PBXResourcesBuildPhase;
			buildActionMask = 2147483647;
			files = (
			);
			runOnlyForDeploymentPostprocessing = 0;
		};
		609F3B062C2FA1DA002CD704 /* Resources */ = {
			isa = PBXResourcesBuildPhase;
			buildActionMask = 2147483647;
			files = (
				609F3B1A2C2FA1DB002CD704 /* Assets.xcassets in Resources */,
			);
			runOnlyForDeploymentPostprocessing = 0;
		};
/* End PBXResourcesBuildPhase section */

/* Begin PBXSourcesBuildPhase section */
		609F3AB22C2F9A0A002CD704 /* Sources */ = {
			isa = PBXSourcesBuildPhase;
			buildActionMask = 2147483647;
			files = (
				029E46862C2FD0BC008984DF /* RecipeRetriever.swift in Sources */,
				FDB624592C2FD83F0034F867 /* Color+Extension.swift in Sources */,
				6094DCC92C2FDD1B00C51467 /* MeokWidgetLiveActivity.swift in Sources */,
				FDBE0A372C2FC5FF00907ACE /* InsertMenuView.swift in Sources */,
				FDBE0A382C2FC5FF00907ACE /* InsertMenuFeature.swift in Sources */,
				FDBE0A3C2C2FC60800907ACE /* DetailMenuFeature.swift in Sources */,
				FDBE0A3D2C2FC60800907ACE /* DetailMenuView.swift in Sources */,
				FDBE0A322C2FC5F600907ACE /* HomeView.swift in Sources */,
				FDBE0A332C2FC5F600907ACE /* HomeFeature.swift in Sources */,
				FDBE0A2E2C2FC5DE00907ACE /* Meok_Kkae_BiApp.swift in Sources */,
			);
			runOnlyForDeploymentPostprocessing = 0;
		};
		609F3AC42C2F9A0C002CD704 /* Sources */ = {
			isa = PBXSourcesBuildPhase;
			buildActionMask = 2147483647;
			files = (
				609F3ACD2C2F9A0C002CD704 /* Meok_Kkae_BiTests.swift in Sources */,
				029E46822C2FD021008984DF /* ChatTests.swift in Sources */,
			);
			runOnlyForDeploymentPostprocessing = 0;
		};
		609F3B042C2FA1DA002CD704 /* Sources */ = {
			isa = PBXSourcesBuildPhase;
			buildActionMask = 2147483647;
			files = (
				609F3B102C2FA1DA002CD704 /* MeokWidgetLiveActivity.swift in Sources */,
				609F3B122C2FA1DA002CD704 /* MeokWidgetBundle.swift in Sources */,
				609F3B182C2FA1DA002CD704 /* AppIntent.swift in Sources */,
				609F3B142C2FA1DA002CD704 /* MeokWidgetControl.swift in Sources */,
				609F3B162C2FA1DA002CD704 /* MeokWidget.swift in Sources */,
			);
			runOnlyForDeploymentPostprocessing = 0;
		};
/* End PBXSourcesBuildPhase section */

/* Begin PBXTargetDependency section */
		609F3ACA2C2F9A0C002CD704 /* PBXTargetDependency */ = {
			isa = PBXTargetDependency;
			target = 609F3AB52C2F9A0A002CD704 /* Meok-Kkae-Bi */;
			targetProxy = 609F3AC92C2F9A0C002CD704 /* PBXContainerItemProxy */;
		};
		609F3B1D2C2FA1DB002CD704 /* PBXTargetDependency */ = {
			isa = PBXTargetDependency;
			target = 609F3B072C2FA1DA002CD704 /* MeokWidgetExtension */;
			targetProxy = 609F3B1C2C2FA1DB002CD704 /* PBXContainerItemProxy */;
		};
/* End PBXTargetDependency section */

/* Begin XCBuildConfiguration section */
		609F3ADA2C2F9A0C002CD704 /* Debug */ = {
			isa = XCBuildConfiguration;
			buildSettings = {
				ALWAYS_SEARCH_USER_PATHS = NO;
				ASSETCATALOG_COMPILER_GENERATE_SWIFT_ASSET_SYMBOL_EXTENSIONS = YES;
				CLANG_ANALYZER_NONNULL = YES;
				CLANG_ANALYZER_NUMBER_OBJECT_CONVERSION = YES_AGGRESSIVE;
				CLANG_CXX_LANGUAGE_STANDARD = "gnu++20";
				CLANG_ENABLE_MODULES = YES;
				CLANG_ENABLE_OBJC_ARC = YES;
				CLANG_ENABLE_OBJC_WEAK = YES;
				CLANG_WARN_BLOCK_CAPTURE_AUTORELEASING = YES;
				CLANG_WARN_BOOL_CONVERSION = YES;
				CLANG_WARN_COMMA = YES;
				CLANG_WARN_CONSTANT_CONVERSION = YES;
				CLANG_WARN_DEPRECATED_OBJC_IMPLEMENTATIONS = YES;
				CLANG_WARN_DIRECT_OBJC_ISA_USAGE = YES_ERROR;
				CLANG_WARN_DOCUMENTATION_COMMENTS = YES;
				CLANG_WARN_EMPTY_BODY = YES;
				CLANG_WARN_ENUM_CONVERSION = YES;
				CLANG_WARN_INFINITE_RECURSION = YES;
				CLANG_WARN_INT_CONVERSION = YES;
				CLANG_WARN_NON_LITERAL_NULL_CONVERSION = YES;
				CLANG_WARN_OBJC_IMPLICIT_RETAIN_SELF = YES;
				CLANG_WARN_OBJC_LITERAL_CONVERSION = YES;
				CLANG_WARN_OBJC_ROOT_CLASS = YES_ERROR;
				CLANG_WARN_QUOTED_INCLUDE_IN_FRAMEWORK_HEADER = YES;
				CLANG_WARN_RANGE_LOOP_ANALYSIS = YES;
				CLANG_WARN_STRICT_PROTOTYPES = YES;
				CLANG_WARN_SUSPICIOUS_MOVE = YES;
				CLANG_WARN_UNGUARDED_AVAILABILITY = YES_AGGRESSIVE;
				CLANG_WARN_UNREACHABLE_CODE = YES;
				CLANG_WARN__DUPLICATE_METHOD_MATCH = YES;
				COPY_PHASE_STRIP = NO;
				DEBUG_INFORMATION_FORMAT = dwarf;
				ENABLE_STRICT_OBJC_MSGSEND = YES;
				ENABLE_TESTABILITY = YES;
				ENABLE_USER_SCRIPT_SANDBOXING = YES;
				GCC_C_LANGUAGE_STANDARD = gnu17;
				GCC_DYNAMIC_NO_PIC = NO;
				GCC_NO_COMMON_BLOCKS = YES;
				GCC_OPTIMIZATION_LEVEL = 0;
				GCC_PREPROCESSOR_DEFINITIONS = (
					"DEBUG=1",
					"$(inherited)",
				);
				GCC_WARN_64_TO_32_BIT_CONVERSION = YES;
				GCC_WARN_ABOUT_RETURN_TYPE = YES_ERROR;
				GCC_WARN_UNDECLARED_SELECTOR = YES;
				GCC_WARN_UNINITIALIZED_AUTOS = YES_AGGRESSIVE;
				GCC_WARN_UNUSED_FUNCTION = YES;
				GCC_WARN_UNUSED_VARIABLE = YES;
				IPHONEOS_DEPLOYMENT_TARGET = 18.0;
				LOCALIZATION_PREFERS_STRING_CATALOGS = YES;
				MTL_ENABLE_DEBUG_INFO = INCLUDE_SOURCE;
				MTL_FAST_MATH = YES;
				ONLY_ACTIVE_ARCH = YES;
				SDKROOT = iphoneos;
				SWIFT_ACTIVE_COMPILATION_CONDITIONS = "DEBUG $(inherited)";
				SWIFT_OPTIMIZATION_LEVEL = "-Onone";
			};
			name = Debug;
		};
		609F3ADB2C2F9A0C002CD704 /* Release */ = {
			isa = XCBuildConfiguration;
			buildSettings = {
				ALWAYS_SEARCH_USER_PATHS = NO;
				ASSETCATALOG_COMPILER_GENERATE_SWIFT_ASSET_SYMBOL_EXTENSIONS = YES;
				CLANG_ANALYZER_NONNULL = YES;
				CLANG_ANALYZER_NUMBER_OBJECT_CONVERSION = YES_AGGRESSIVE;
				CLANG_CXX_LANGUAGE_STANDARD = "gnu++20";
				CLANG_ENABLE_MODULES = YES;
				CLANG_ENABLE_OBJC_ARC = YES;
				CLANG_ENABLE_OBJC_WEAK = YES;
				CLANG_WARN_BLOCK_CAPTURE_AUTORELEASING = YES;
				CLANG_WARN_BOOL_CONVERSION = YES;
				CLANG_WARN_COMMA = YES;
				CLANG_WARN_CONSTANT_CONVERSION = YES;
				CLANG_WARN_DEPRECATED_OBJC_IMPLEMENTATIONS = YES;
				CLANG_WARN_DIRECT_OBJC_ISA_USAGE = YES_ERROR;
				CLANG_WARN_DOCUMENTATION_COMMENTS = YES;
				CLANG_WARN_EMPTY_BODY = YES;
				CLANG_WARN_ENUM_CONVERSION = YES;
				CLANG_WARN_INFINITE_RECURSION = YES;
				CLANG_WARN_INT_CONVERSION = YES;
				CLANG_WARN_NON_LITERAL_NULL_CONVERSION = YES;
				CLANG_WARN_OBJC_IMPLICIT_RETAIN_SELF = YES;
				CLANG_WARN_OBJC_LITERAL_CONVERSION = YES;
				CLANG_WARN_OBJC_ROOT_CLASS = YES_ERROR;
				CLANG_WARN_QUOTED_INCLUDE_IN_FRAMEWORK_HEADER = YES;
				CLANG_WARN_RANGE_LOOP_ANALYSIS = YES;
				CLANG_WARN_STRICT_PROTOTYPES = YES;
				CLANG_WARN_SUSPICIOUS_MOVE = YES;
				CLANG_WARN_UNGUARDED_AVAILABILITY = YES_AGGRESSIVE;
				CLANG_WARN_UNREACHABLE_CODE = YES;
				CLANG_WARN__DUPLICATE_METHOD_MATCH = YES;
				COPY_PHASE_STRIP = NO;
				DEBUG_INFORMATION_FORMAT = "dwarf-with-dsym";
				ENABLE_NS_ASSERTIONS = NO;
				ENABLE_STRICT_OBJC_MSGSEND = YES;
				ENABLE_USER_SCRIPT_SANDBOXING = YES;
				GCC_C_LANGUAGE_STANDARD = gnu17;
				GCC_NO_COMMON_BLOCKS = YES;
				GCC_WARN_64_TO_32_BIT_CONVERSION = YES;
				GCC_WARN_ABOUT_RETURN_TYPE = YES_ERROR;
				GCC_WARN_UNDECLARED_SELECTOR = YES;
				GCC_WARN_UNINITIALIZED_AUTOS = YES_AGGRESSIVE;
				GCC_WARN_UNUSED_FUNCTION = YES;
				GCC_WARN_UNUSED_VARIABLE = YES;
				IPHONEOS_DEPLOYMENT_TARGET = 18.0;
				LOCALIZATION_PREFERS_STRING_CATALOGS = YES;
				MTL_ENABLE_DEBUG_INFO = NO;
				MTL_FAST_MATH = YES;
				SDKROOT = iphoneos;
				SWIFT_COMPILATION_MODE = wholemodule;
				VALIDATE_PRODUCT = YES;
			};
			name = Release;
		};
		609F3ADD2C2F9A0C002CD704 /* Debug */ = {
			isa = XCBuildConfiguration;
			buildSettings = {
				ASSETCATALOG_COMPILER_APPICON_NAME = AppIcon;
				ASSETCATALOG_COMPILER_GLOBAL_ACCENT_COLOR_NAME = AccentColor;
				CODE_SIGN_ENTITLEMENTS = "Meok-Kkae-Bi/Meok-Kkae-Bi.entitlements";
				CODE_SIGN_IDENTITY = "Apple Development";
				"CODE_SIGN_IDENTITY[sdk=iphoneos*]" = "iPhone Developer";
				CODE_SIGN_STYLE = Manual;
				CURRENT_PROJECT_VERSION = 1;
				DEVELOPMENT_ASSET_PATHS = "\"Meok-Kkae-Bi/Preview Content\"";
				DEVELOPMENT_TEAM = "";
				"DEVELOPMENT_TEAM[sdk=iphoneos*]" = 92NGUT4BRA;
				ENABLE_PREVIEWS = YES;
				GENERATE_INFOPLIST_FILE = YES;
				INFOPLIST_FILE = info.plist;
				INFOPLIST_KEY_NSSupportsLiveActivities = YES;
				INFOPLIST_KEY_UIApplicationSceneManifest_Generation = YES;
				INFOPLIST_KEY_UIApplicationSupportsIndirectInputEvents = YES;
				INFOPLIST_KEY_UILaunchScreen_Generation = YES;
				INFOPLIST_KEY_UISupportedInterfaceOrientations_iPad = "UIInterfaceOrientationPortrait UIInterfaceOrientationPortraitUpsideDown UIInterfaceOrientationLandscapeLeft UIInterfaceOrientationLandscapeRight";
				INFOPLIST_KEY_UISupportedInterfaceOrientations_iPhone = "UIInterfaceOrientationPortrait UIInterfaceOrientationLandscapeLeft UIInterfaceOrientationLandscapeRight";
				IPHONEOS_DEPLOYMENT_TARGET = 18.0;
				LD_RUNPATH_SEARCH_PATHS = (
					"$(inherited)",
					"@executable_path/Frameworks",
				);
				MARKETING_VERSION = 1.0;
				PRODUCT_BUNDLE_IDENTIFIER = "kr.letushack.Meok-Kkae-Bi";
				PRODUCT_NAME = "$(TARGET_NAME)";
				PROVISIONING_PROFILE_SPECIFIER = "";
				"PROVISIONING_PROFILE_SPECIFIER[sdk=iphoneos*]" = "match Development kr.letushack.Meok-Kkae-Bi 1719634437";
				SWIFT_EMIT_LOC_STRINGS = YES;
				SWIFT_VERSION = 5.0;
				TARGETED_DEVICE_FAMILY = "1,2";
			};
			name = Debug;
		};
		609F3ADE2C2F9A0C002CD704 /* Release */ = {
			isa = XCBuildConfiguration;
			buildSettings = {
				ASSETCATALOG_COMPILER_APPICON_NAME = AppIcon;
				ASSETCATALOG_COMPILER_GLOBAL_ACCENT_COLOR_NAME = AccentColor;
				CODE_SIGN_ENTITLEMENTS = "Meok-Kkae-Bi/Meok-Kkae-Bi.entitlements";
				CODE_SIGN_IDENTITY = "Apple Development";
				"CODE_SIGN_IDENTITY[sdk=iphoneos*]" = "iPhone Developer";
				CODE_SIGN_STYLE = Manual;
				CURRENT_PROJECT_VERSION = 1;
				DEVELOPMENT_ASSET_PATHS = "\"Meok-Kkae-Bi/Preview Content\"";
				DEVELOPMENT_TEAM = "";
				"DEVELOPMENT_TEAM[sdk=iphoneos*]" = 92NGUT4BRA;
				ENABLE_PREVIEWS = YES;
				GENERATE_INFOPLIST_FILE = YES;
				INFOPLIST_FILE = info.plist;
				INFOPLIST_KEY_NSSupportsLiveActivities = YES;
				INFOPLIST_KEY_UIApplicationSceneManifest_Generation = YES;
				INFOPLIST_KEY_UIApplicationSupportsIndirectInputEvents = YES;
				INFOPLIST_KEY_UILaunchScreen_Generation = YES;
				INFOPLIST_KEY_UISupportedInterfaceOrientations_iPad = "UIInterfaceOrientationPortrait UIInterfaceOrientationPortraitUpsideDown UIInterfaceOrientationLandscapeLeft UIInterfaceOrientationLandscapeRight";
				INFOPLIST_KEY_UISupportedInterfaceOrientations_iPhone = "UIInterfaceOrientationPortrait UIInterfaceOrientationLandscapeLeft UIInterfaceOrientationLandscapeRight";
				IPHONEOS_DEPLOYMENT_TARGET = 18.0;
				LD_RUNPATH_SEARCH_PATHS = (
					"$(inherited)",
					"@executable_path/Frameworks",
				);
				MARKETING_VERSION = 1.0;
				PRODUCT_BUNDLE_IDENTIFIER = "kr.letushack.Meok-Kkae-Bi";
				PRODUCT_NAME = "$(TARGET_NAME)";
				PROVISIONING_PROFILE_SPECIFIER = "";
				"PROVISIONING_PROFILE_SPECIFIER[sdk=iphoneos*]" = "match Development kr.letushack.Meok-Kkae-Bi 1719634437";
				SWIFT_EMIT_LOC_STRINGS = YES;
				SWIFT_VERSION = 5.0;
				TARGETED_DEVICE_FAMILY = "1,2";
			};
			name = Release;
		};
		609F3AE02C2F9A0C002CD704 /* Debug */ = {
			isa = XCBuildConfiguration;
			buildSettings = {
				BUNDLE_LOADER = "$(TEST_HOST)";
				CODE_SIGN_STYLE = Manual;
				CURRENT_PROJECT_VERSION = 1;
				DEVELOPMENT_TEAM = "";
				"DEVELOPMENT_TEAM[sdk=iphoneos*]" = 6Y9F62XV9B;
				GENERATE_INFOPLIST_FILE = YES;
				IPHONEOS_DEPLOYMENT_TARGET = 18.0;
				MARKETING_VERSION = 1.0;
				PRODUCT_BUNDLE_IDENTIFIER = "kr.letushack.Meok-Kkae-BiTests";
				PRODUCT_NAME = "$(TARGET_NAME)";
				PROVISIONING_PROFILE_SPECIFIER = "";
				SWIFT_EMIT_LOC_STRINGS = NO;
				SWIFT_VERSION = 5.0;
				TARGETED_DEVICE_FAMILY = "1,2";
				TEST_HOST = "$(BUILT_PRODUCTS_DIR)/Meok-Kkae-Bi.app/$(BUNDLE_EXECUTABLE_FOLDER_PATH)/Meok-Kkae-Bi";
			};
			name = Debug;
		};
		609F3AE12C2F9A0C002CD704 /* Release */ = {
			isa = XCBuildConfiguration;
			buildSettings = {
				BUNDLE_LOADER = "$(TEST_HOST)";
				CODE_SIGN_STYLE = Manual;
				CURRENT_PROJECT_VERSION = 1;
				DEVELOPMENT_TEAM = "";
				"DEVELOPMENT_TEAM[sdk=iphoneos*]" = 6Y9F62XV9B;
				GENERATE_INFOPLIST_FILE = YES;
				IPHONEOS_DEPLOYMENT_TARGET = 18.0;
				MARKETING_VERSION = 1.0;
				PRODUCT_BUNDLE_IDENTIFIER = "kr.letushack.Meok-Kkae-BiTests";
				PRODUCT_NAME = "$(TARGET_NAME)";
				PROVISIONING_PROFILE_SPECIFIER = "";
				SWIFT_EMIT_LOC_STRINGS = NO;
				SWIFT_VERSION = 5.0;
				TARGETED_DEVICE_FAMILY = "1,2";
				TEST_HOST = "$(BUILT_PRODUCTS_DIR)/Meok-Kkae-Bi.app/$(BUNDLE_EXECUTABLE_FOLDER_PATH)/Meok-Kkae-Bi";
			};
			name = Release;
		};
		609F3B202C2FA1DB002CD704 /* Debug */ = {
			isa = XCBuildConfiguration;
			buildSettings = {
				ASSETCATALOG_COMPILER_GLOBAL_ACCENT_COLOR_NAME = AccentColor;
				ASSETCATALOG_COMPILER_WIDGET_BACKGROUND_COLOR_NAME = WidgetBackground;
				CODE_SIGN_ENTITLEMENTS = MeokWidgetExtension.entitlements;
				CODE_SIGN_IDENTITY = "Apple Development";
				"CODE_SIGN_IDENTITY[sdk=iphoneos*]" = "iPhone Developer";
				CODE_SIGN_STYLE = Manual;
				CURRENT_PROJECT_VERSION = 1;
				DEVELOPMENT_TEAM = "";
				"DEVELOPMENT_TEAM[sdk=iphoneos*]" = 92NGUT4BRA;
				GENERATE_INFOPLIST_FILE = YES;
				INFOPLIST_FILE = MeokWidget/Info.plist;
				INFOPLIST_KEY_CFBundleDisplayName = MeokWidget;
				INFOPLIST_KEY_NSHumanReadableCopyright = "";
				INFOPLIST_KEY_NSSupportsLiveActivities = YES;
				LD_RUNPATH_SEARCH_PATHS = (
					"$(inherited)",
					"@executable_path/Frameworks",
					"@executable_path/../../Frameworks",
				);
				MARKETING_VERSION = 1.0;
				PRODUCT_BUNDLE_IDENTIFIER = "kr.letushack.Meok-Kkae-Bi.widget";
				PRODUCT_NAME = "$(TARGET_NAME)";
				PROVISIONING_PROFILE_SPECIFIER = "";
				"PROVISIONING_PROFILE_SPECIFIER[sdk=iphoneos*]" = "match Development kr.letushack.Meok-Kkae-Bi.widget 1719634443";
				SKIP_INSTALL = YES;
				SWIFT_EMIT_LOC_STRINGS = YES;
				SWIFT_VERSION = 5.0;
				TARGETED_DEVICE_FAMILY = "1,2";
			};
			name = Debug;
		};
		609F3B212C2FA1DB002CD704 /* Release */ = {
			isa = XCBuildConfiguration;
			buildSettings = {
				ASSETCATALOG_COMPILER_GLOBAL_ACCENT_COLOR_NAME = AccentColor;
				ASSETCATALOG_COMPILER_WIDGET_BACKGROUND_COLOR_NAME = WidgetBackground;
				CODE_SIGN_ENTITLEMENTS = MeokWidgetExtension.entitlements;
				CODE_SIGN_IDENTITY = "Apple Development";
				"CODE_SIGN_IDENTITY[sdk=iphoneos*]" = "iPhone Developer";
				CODE_SIGN_STYLE = Manual;
				CURRENT_PROJECT_VERSION = 1;
				DEVELOPMENT_TEAM = "";
				"DEVELOPMENT_TEAM[sdk=iphoneos*]" = 92NGUT4BRA;
				GENERATE_INFOPLIST_FILE = YES;
				INFOPLIST_FILE = MeokWidget/Info.plist;
				INFOPLIST_KEY_CFBundleDisplayName = MeokWidget;
				INFOPLIST_KEY_NSHumanReadableCopyright = "";
				INFOPLIST_KEY_NSSupportsLiveActivities = YES;
				LD_RUNPATH_SEARCH_PATHS = (
					"$(inherited)",
					"@executable_path/Frameworks",
					"@executable_path/../../Frameworks",
				);
				MARKETING_VERSION = 1.0;
				PRODUCT_BUNDLE_IDENTIFIER = "kr.letushack.Meok-Kkae-Bi.widget";
				PRODUCT_NAME = "$(TARGET_NAME)";
				PROVISIONING_PROFILE_SPECIFIER = "";
				"PROVISIONING_PROFILE_SPECIFIER[sdk=iphoneos*]" = "match Development kr.letushack.Meok-Kkae-Bi.widget 1719634443";
				SKIP_INSTALL = YES;
				SWIFT_EMIT_LOC_STRINGS = YES;
				SWIFT_VERSION = 5.0;
				TARGETED_DEVICE_FAMILY = "1,2";
			};
			name = Release;
		};
/* End XCBuildConfiguration section */

/* Begin XCConfigurationList section */
		609F3AB12C2F9A0A002CD704 /* Build configuration list for PBXProject "Meok-Kkae-Bi" */ = {
			isa = XCConfigurationList;
			buildConfigurations = (
				609F3ADA2C2F9A0C002CD704 /* Debug */,
				609F3ADB2C2F9A0C002CD704 /* Release */,
			);
			defaultConfigurationIsVisible = 0;
			defaultConfigurationName = Release;
		};
		609F3ADC2C2F9A0C002CD704 /* Build configuration list for PBXNativeTarget "Meok-Kkae-Bi" */ = {
			isa = XCConfigurationList;
			buildConfigurations = (
				609F3ADD2C2F9A0C002CD704 /* Debug */,
				609F3ADE2C2F9A0C002CD704 /* Release */,
			);
			defaultConfigurationIsVisible = 0;
			defaultConfigurationName = Release;
		};
		609F3ADF2C2F9A0C002CD704 /* Build configuration list for PBXNativeTarget "Meok-Kkae-BiTests" */ = {
			isa = XCConfigurationList;
			buildConfigurations = (
				609F3AE02C2F9A0C002CD704 /* Debug */,
				609F3AE12C2F9A0C002CD704 /* Release */,
			);
			defaultConfigurationIsVisible = 0;
			defaultConfigurationName = Release;
		};
		609F3B222C2FA1DB002CD704 /* Build configuration list for PBXNativeTarget "MeokWidgetExtension" */ = {
			isa = XCConfigurationList;
			buildConfigurations = (
				609F3B202C2FA1DB002CD704 /* Debug */,
				609F3B212C2FA1DB002CD704 /* Release */,
			);
			defaultConfigurationIsVisible = 0;
			defaultConfigurationName = Release;
		};
/* End XCConfigurationList section */

/* Begin XCRemoteSwiftPackageReference section */
		029E46872C2FD901008984DF /* XCRemoteSwiftPackageReference "OpenAI" */ = {
			isa = XCRemoteSwiftPackageReference;
			repositoryURL = "https://github.com/MacPaw/OpenAI";
			requirement = {
				kind = upToNextMajorVersion;
				minimumVersion = 0.2.9;
			};
		};
		FDBE0A3E2C2FC73B00907ACE /* XCRemoteSwiftPackageReference "swift-composable-architecture" */ = {
			isa = XCRemoteSwiftPackageReference;
			repositoryURL = "https://github.com/pointfreeco/swift-composable-architecture";
			requirement = {
				branch = main;
				kind = branch;
			};
		};
/* End XCRemoteSwiftPackageReference section */

/* Begin XCSwiftPackageProductDependency section */
		029E46882C2FD92B008984DF /* OpenAI */ = {
			isa = XCSwiftPackageProductDependency;
			package = 029E46872C2FD901008984DF /* XCRemoteSwiftPackageReference "OpenAI" */;
			productName = OpenAI;
		};
		FDBE0A3F2C2FC73B00907ACE /* ComposableArchitecture */ = {
			isa = XCSwiftPackageProductDependency;
			package = FDBE0A3E2C2FC73B00907ACE /* XCRemoteSwiftPackageReference "swift-composable-architecture" */;
			productName = ComposableArchitecture;
		};
/* End XCSwiftPackageProductDependency section */
	};
	rootObject = 609F3AAE2C2F9A0A002CD704 /* Project object */;
}
